{
    "_readme": [
        "This file locks the dependencies of your project to a known state",
        "Read more about it at https://getcomposer.org/doc/01-basic-usage.md#composer-lock-the-lock-file",
        "This file is @generated automatically"
    ],
    "content-hash": "da57a7096c46e8783c08c899c9e07891",
    "packages": [
        {
            "name": "gaiagroup/mdogo",
            "version": "0.9.3",
            "source": {
                "type": "git",
                "url": "https://github.com/gaiagroup/mdogo.git",
                "reference": "fdaa4f6e61df90e943778d3c8bb8668b3a46e187"
            },
            "dist": {
                "type": "zip",
                "url": "https://api.github.com/repos/gaiagroup/mdogo/zipball/fdaa4f6e61df90e943778d3c8bb8668b3a46e187",
                "reference": "fdaa4f6e61df90e943778d3c8bb8668b3a46e187",
                "shasum": ""
            },
            "require": {
                "php": ">=5.3.10"
            },
            "bin": [
                "bin/cron",
                "bin/run"
            ],
            "type": "library",
            "autoload": {
                "psr-0": {
                    "Mdogo": "src/"
                },
                "files": [
                    "mdogo.php"
                ]
            },
            "license": [
                "MIT"
            ],
            "description": "Yet another microframework",
            "homepage": "https://github.com/gaiagroup/mdogo",
            "keywords": [
                "microframework"
            ],
            "support": {
                "source": "https://github.com/gaiagroup/mdogo/tree/0.9.3",
                "issues": "https://github.com/gaiagroup/mdogo/issues"
            },
            "time": "2015-04-16T19:25:48+00:00"
        }
    ],
    "packages-dev": [],
    "aliases": [],
    "minimum-stability": "stable",
    "stability-flags": [],
    "prefer-stable": false,
    "prefer-lowest": false,
    "platform": [],
    "platform-dev": []
}
